
Microsoft Visual Studio Solution File, Format Version 12.00
# Visual Studio Version 17
VisualStudioVersion = 17.3.32901.215
MinimumVisualStudioVersion = 10.0.40219.1
Project("{FAE04EC0-301F-11D3-BF4B-00C04F79EFBC}") = "bolum2_uygulama25", "bolum2_uygulama25\bolum2_uygulama25.csproj", "{61FF1415-DF59-459D-9781-057F22170029}"
EndProject
Global
	GlobalSection(SolutionConfigurationPlatforms) = preSolution
		Debug|Any CPU = Debug|Any CPU
		Release|Any CPU = Release|Any CPU
	EndGlobalSection
	GlobalSection(ProjectConfigurationPlatforms) = postSolution
		{61FF1415-DF59-459D-9781-057F22170029}.Debug|Any CPU.ActiveCfg = Debug|Any CPU
		{61FF1415-DF59-459D-9781-057F22170029}.Debug|Any CPU.Build.0 = Debug|Any CPU
		{61FF1415-DF59-459D-9781-057F22170029}.Release|Any CPU.ActiveCfg = Release|Any CPU
		{61FF1415-DF59-459D-9781-057F22170029}.Release|Any CPU.Build.0 = Release|Any CPU
	EndGlobalSection
	GlobalSection(SolutionProperties) = preSolution
		HideSolutionNode = FALSE
	EndGlobalSection
	GlobalSection(ExtensibilityGlobals) = postSolution
		SolutionGuid = {DD83FF7C-D531-459A-A975-61FE5124122C}
	EndGlobalSection
EndGlobal
